// !$*UTF8*$!
{
	archiveVersion = 1;
	classes = {
	};
	objectVersion = 56;
	objects = {

/* Begin PBXBuildFile section */
		45011D862B0B7CC600BDD5F6 /* LearningApp.swift in Sources */ = {isa = PBXBuildFile; fileRef = 45011D852B0B7CC600BDD5F6 /* LearningApp.swift */; };
		45011D882B0B7CC600BDD5F6 /* AppetizerListView.swift in Sources */ = {isa = PBXBuildFile; fileRef = 45011D872B0B7CC600BDD5F6 /* AppetizerListView.swift */; };
		45011D8A2B0B7CCA00BDD5F6 /* Assets.xcassets in Resources */ = {isa = PBXBuildFile; fileRef = 45011D892B0B7CCA00BDD5F6 /* Assets.xcassets */; };
		45011D8D2B0B7CCA00BDD5F6 /* Preview Assets.xcassets in Resources */ = {isa = PBXBuildFile; fileRef = 45011D8C2B0B7CCA00BDD5F6 /* Preview Assets.xcassets */; };
		45011D942B0CA46700BDD5F6 /* OrderView.swift in Sources */ = {isa = PBXBuildFile; fileRef = 45011D932B0CA46700BDD5F6 /* OrderView.swift */; };
		45011D962B0CA47200BDD5F6 /* AccountView.swift in Sources */ = {isa = PBXBuildFile; fileRef = 45011D952B0CA47200BDD5F6 /* AccountView.swift */; };
		45011D982B0CA4BD00BDD5F6 /* AppetizerTabView.swift in Sources */ = {isa = PBXBuildFile; fileRef = 45011D972B0CA4BD00BDD5F6 /* AppetizerTabView.swift */; };
		45011D9A2B0CBD9800BDD5F6 /* Appetizer.swift in Sources */ = {isa = PBXBuildFile; fileRef = 45011D992B0CBD9800BDD5F6 /* Appetizer.swift */; };
		45011D9C2B0CC12600BDD5F6 /* AppetizerView.swift in Sources */ = {isa = PBXBuildFile; fileRef = 45011D9B2B0CC12600BDD5F6 /* AppetizerView.swift */; };
		45011DA02B0CD93300BDD5F6 /* AppetizerViewModel.swift in Sources */ = {isa = PBXBuildFile; fileRef = 45011D9F2B0CD93300BDD5F6 /* AppetizerViewModel.swift */; };
		4582B1262B16077E00276D8B /* Request.swift in Sources */ = {isa = PBXBuildFile; fileRef = 4582B1252B16077E00276D8B /* Request.swift */; };
		4582B1282B1609CF00276D8B /* APErrors.swift in Sources */ = {isa = PBXBuildFile; fileRef = 4582B1272B1609CF00276D8B /* APErrors.swift */; };
		4582B12C2B16483A00276D8B /* Alert.swift in Sources */ = {isa = PBXBuildFile; fileRef = 4582B12B2B16483A00276D8B /* Alert.swift */; };
		4582B12E2B16E1D100276D8B /* Color+Ext.swift in Sources */ = {isa = PBXBuildFile; fileRef = 4582B12D2B16E1D100276D8B /* Color+Ext.swift */; };
		4582B1302B17309E00276D8B /* RemoteImage.swift in Sources */ = {isa = PBXBuildFile; fileRef = 4582B12F2B17309E00276D8B /* RemoteImage.swift */; };
		4582B13B2B17431300276D8B /* AppetizerDetailView.swift in Sources */ = {isa = PBXBuildFile; fileRef = 4582B13A2B17431300276D8B /* AppetizerDetailView.swift */; };
		4582B13D2B175B7700276D8B /* Test.swift in Sources */ = {isa = PBXBuildFile; fileRef = 4582B13C2B175B7700276D8B /* Test.swift */; };
		45FB53DB2B1A07550057FD39 /* SwiftUIView.swift in Sources */ = {isa = PBXBuildFile; fileRef = 45FB53DA2B1A07550057FD39 /* SwiftUIView.swift */; };
/* End PBXBuildFile section */

/* Begin PBXFileReference section */
		45011D822B0B7CC600BDD5F6 /* Learning.app */ = {isa = PBXFileReference; explicitFileType = wrapper.application; includeInIndex = 0; path = Learning.app; sourceTree = BUILT_PRODUCTS_DIR; };
		45011D852B0B7CC600BDD5F6 /* LearningApp.swift */ = {isa = PBXFileReference; lastKnownFileType = sourcecode.swift; path = LearningApp.swift; sourceTree = "<group>"; };
		45011D872B0B7CC600BDD5F6 /* AppetizerListView.swift */ = {isa = PBXFileReference; lastKnownFileType = sourcecode.swift; path = AppetizerListView.swift; sourceTree = "<group>"; };
		45011D892B0B7CCA00BDD5F6 /* Assets.xcassets */ = {isa = PBXFileReference; lastKnownFileType = folder.assetcatalog; path = Assets.xcassets; sourceTree = "<group>"; };
		45011D8C2B0B7CCA00BDD5F6 /* Preview Assets.xcassets */ = {isa = PBXFileReference; lastKnownFileType = folder.assetcatalog; path = "Preview Assets.xcassets"; sourceTree = "<group>"; };
		45011D932B0CA46700BDD5F6 /* OrderView.swift */ = {isa = PBXFileReference; lastKnownFileType = sourcecode.swift; path = OrderView.swift; sourceTree = "<group>"; };
		45011D952B0CA47200BDD5F6 /* AccountView.swift */ = {isa = PBXFileReference; lastKnownFileType = sourcecode.swift; path = AccountView.swift; sourceTree = "<group>"; };
		45011D972B0CA4BD00BDD5F6 /* AppetizerTabView.swift */ = {isa = PBXFileReference; lastKnownFileType = sourcecode.swift; path = AppetizerTabView.swift; sourceTree = "<group>"; };
		45011D992B0CBD9800BDD5F6 /* Appetizer.swift */ = {isa = PBXFileReference; lastKnownFileType = sourcecode.swift; path = Appetizer.swift; sourceTree = "<group>"; };
		45011D9B2B0CC12600BDD5F6 /* AppetizerView.swift */ = {isa = PBXFileReference; lastKnownFileType = sourcecode.swift; path = AppetizerView.swift; sourceTree = "<group>"; };
		45011D9F2B0CD93300BDD5F6 /* AppetizerViewModel.swift */ = {isa = PBXFileReference; lastKnownFileType = sourcecode.swift; path = AppetizerViewModel.swift; sourceTree = "<group>"; };
		4582B1252B16077E00276D8B /* Request.swift */ = {isa = PBXFileReference; lastKnownFileType = sourcecode.swift; path = Request.swift; sourceTree = "<group>"; };
		4582B1272B1609CF00276D8B /* APErrors.swift */ = {isa = PBXFileReference; lastKnownFileType = sourcecode.swift; path = APErrors.swift; sourceTree = "<group>"; };
		4582B12B2B16483A00276D8B /* Alert.swift */ = {isa = PBXFileReference; lastKnownFileType = sourcecode.swift; path = Alert.swift; sourceTree = "<group>"; };
		4582B12D2B16E1D100276D8B /* Color+Ext.swift */ = {isa = PBXFileReference; lastKnownFileType = sourcecode.swift; path = "Color+Ext.swift"; sourceTree = "<group>"; };
		4582B12F2B17309E00276D8B /* RemoteImage.swift */ = {isa = PBXFileReference; lastKnownFileType = sourcecode.swift; path = RemoteImage.swift; sourceTree = "<group>"; };
		4582B13A2B17431300276D8B /* AppetizerDetailView.swift */ = {isa = PBXFileReference; lastKnownFileType = sourcecode.swift; path = AppetizerDetailView.swift; sourceTree = "<group>"; };
		4582B13C2B175B7700276D8B /* Test.swift */ = {isa = PBXFileReference; lastKnownFileType = sourcecode.swift; path = Test.swift; sourceTree = "<group>"; };
		45FB53DA2B1A07550057FD39 /* SwiftUIView.swift */ = {isa = PBXFileReference; lastKnownFileType = sourcecode.swift; path = SwiftUIView.swift; sourceTree = "<group>"; };
/* End PBXFileReference section */

/* Begin PBXFrameworksBuildPhase section */
		45011D7F2B0B7CC600BDD5F6 /* Frameworks */ = {
			isa = PBXFrameworksBuildPhase;
			buildActionMask = 2147483647;
			files = (
			);
			runOnlyForDeploymentPostprocessing = 0;
		};
/* End PBXFrameworksBuildPhase section */

/* Begin PBXGroup section */
		45011D792B0B7CC600BDD5F6 = {
			isa = PBXGroup;
			children = (
				45FB53DA2B1A07550057FD39 /* SwiftUIView.swift */,
				45011D842B0B7CC600BDD5F6 /* Learning */,
				45011D832B0B7CC600BDD5F6 /* Products */,
			);
			sourceTree = "<group>";
		};
		45011D832B0B7CC600BDD5F6 /* Products */ = {
			isa = PBXGroup;
			children = (
				45011D822B0B7CC600BDD5F6 /* Learning.app */,
			);
			name = Products;
			sourceTree = "<group>";
		};
		45011D842B0B7CC600BDD5F6 /* Learning */ = {
			isa = PBXGroup;
			children = (
				4582B1362B17401100276D8B /* NetworkRequest */,
				45011D9E2B0CC64500BDD5F6 /* Model */,
				45011DA12B0CD93800BDD5F6 /* Utilities */,
				45011D9D2B0CC63100BDD5F6 /* Views */,
				45011D852B0B7CC600BDD5F6 /* LearningApp.swift */,
				45011D892B0B7CCA00BDD5F6 /* Assets.xcassets */,
				45011D8B2B0B7CCA00BDD5F6 /* Preview Content */,
				4582B13C2B175B7700276D8B /* Test.swift */,
			);
			path = Learning;
			sourceTree = "<group>";
		};
		45011D8B2B0B7CCA00BDD5F6 /* Preview Content */ = {
			isa = PBXGroup;
			children = (
				45011D8C2B0B7CCA00BDD5F6 /* Preview Assets.xcassets */,
			);
			path = "Preview Content";
			sourceTree = "<group>";
		};
		45011D9D2B0CC63100BDD5F6 /* Views */ = {
			isa = PBXGroup;
			children = (
				45011D972B0CA4BD00BDD5F6 /* AppetizerTabView.swift */,
				4582B1312B173BD400276D8B /* AppetizerListView */,
				4582B1322B173C0D00276D8B /* AccountView */,
				4582B1332B173C1A00276D8B /* OrderView */,
				4582B1382B1740A300276D8B /* Image */,
				4582B1392B1740D800276D8B /* Cells */,
			);
			path = Views;
			sourceTree = "<group>";
		};
		45011D9E2B0CC64500BDD5F6 /* Model */ = {
			isa = PBXGroup;
			children = (
				45011D992B0CBD9800BDD5F6 /* Appetizer.swift */,
			);
			path = Model;
			sourceTree = "<group>";
		};
		45011DA12B0CD93800BDD5F6 /* Utilities */ = {
			isa = PBXGroup;
			children = (
				4582B1372B17402A00276D8B /* Alert */,
				4582B1342B173FD600276D8B /* Extensions */,
			);
			path = Utilities;
			sourceTree = "<group>";
		};
		4582B1312B173BD400276D8B /* AppetizerListView */ = {
			isa = PBXGroup;
			children = (
				45011D9F2B0CD93300BDD5F6 /* AppetizerViewModel.swift */,
				45011D872B0B7CC600BDD5F6 /* AppetizerListView.swift */,
				4582B13A2B17431300276D8B /* AppetizerDetailView.swift */,
			);
			path = AppetizerListView;
			sourceTree = "<group>";
		};
		4582B1322B173C0D00276D8B /* AccountView */ = {
			isa = PBXGroup;
			children = (
				45011D952B0CA47200BDD5F6 /* AccountView.swift */,
			);
			path = AccountView;
			sourceTree = "<group>";
		};
		4582B1332B173C1A00276D8B /* OrderView */ = {
			isa = PBXGroup;
			children = (
				45011D932B0CA46700BDD5F6 /* OrderView.swift */,
			);
			path = OrderView;
			sourceTree = "<group>";
		};
		4582B1342B173FD600276D8B /* Extensions */ = {
			isa = PBXGroup;
			children = (
				4582B12D2B16E1D100276D8B /* Color+Ext.swift */,
			);
			path = Extensions;
			sourceTree = "<group>";
		};
		4582B1362B17401100276D8B /* NetworkRequest */ = {
			isa = PBXGroup;
			children = (
				4582B1252B16077E00276D8B /* Request.swift */,
			);
			path = NetworkRequest;
			sourceTree = "<group>";
		};
		4582B1372B17402A00276D8B /* Alert */ = {
			isa = PBXGroup;
			children = (
				4582B12B2B16483A00276D8B /* Alert.swift */,
				4582B1272B1609CF00276D8B /* APErrors.swift */,
			);
			path = Alert;
			sourceTree = "<group>";
		};
		4582B1382B1740A300276D8B /* Image */ = {
			isa = PBXGroup;
			children = (
				4582B12F2B17309E00276D8B /* RemoteImage.swift */,
			);
			path = Image;
			sourceTree = "<group>";
		};
		4582B1392B1740D800276D8B /* Cells */ = {
			isa = PBXGroup;
			children = (
				45011D9B2B0CC12600BDD5F6 /* AppetizerView.swift */,
			);
			path = Cells;
			sourceTree = "<group>";
		};
/* End PBXGroup section */

/* Begin PBXNativeTarget section */
		45011D812B0B7CC600BDD5F6 /* Learning */ = {
			isa = PBXNativeTarget;
			buildConfigurationList = 45011D902B0B7CCA00BDD5F6 /* Build configuration list for PBXNativeTarget "Learning" */;
			buildPhases = (
				45011D7E2B0B7CC600BDD5F6 /* Sources */,
				45011D7F2B0B7CC600BDD5F6 /* Frameworks */,
				45011D802B0B7CC600BDD5F6 /* Resources */,
			);
			buildRules = (
			);
			dependencies = (
			);
			name = Learning;
			productName = Learning;
			productReference = 45011D822B0B7CC600BDD5F6 /* Learning.app */;
			productType = "com.apple.product-type.application";
		};
/* End PBXNativeTarget section */

/* Begin PBXProject section */
		45011D7A2B0B7CC600BDD5F6 /* Project object */ = {
			isa = PBXProject;
			attributes = {
				BuildIndependentTargetsInParallel = 1;
				LastSwiftUpdateCheck = 1500;
				LastUpgradeCheck = 1500;
				TargetAttributes = {
					45011D812B0B7CC600BDD5F6 = {
						CreatedOnToolsVersion = 15.0.1;
					};
				};
			};
			buildConfigurationList = 45011D7D2B0B7CC600BDD5F6 /* Build configuration list for PBXProject "Learning" */;
			compatibilityVersion = "Xcode 14.0";
			developmentRegion = en;
			hasScannedForEncodings = 0;
			knownRegions = (
				en,
				Base,
			);
			mainGroup = 45011D792B0B7CC600BDD5F6;
			productRefGroup = 45011D832B0B7CC600BDD5F6 /* Products */;
			projectDirPath = "";
			projectRoot = "";
			targets = (
				45011D812B0B7CC600BDD5F6 /* Learning */,
			);
		};
/* End PBXProject section */

/* Begin PBXResourcesBuildPhase section */
		45011D802B0B7CC600BDD5F6 /* Resources */ = {
			isa = PBXResourcesBuildPhase;
			buildActionMask = 2147483647;
			files = (
				45011D8D2B0B7CCA00BDD5F6 /* Preview Assets.xcassets in Resources */,
				45011D8A2B0B7CCA00BDD5F6 /* Assets.xcassets in Resources */,
			);
			runOnlyForDeploymentPostprocessing = 0;
		};
/* End PBXResourcesBuildPhase section */

/* Begin PBXSourcesBuildPhase section */
		45011D7E2B0B7CC600BDD5F6 /* Sources */ = {
			isa = PBXSourcesBuildPhase;
			buildActionMask = 2147483647;
			files = (
				45011D9C2B0CC12600BDD5F6 /* AppetizerView.swift in Sources */,
				4582B1282B1609CF00276D8B /* APErrors.swift in Sources */,
				45FB53DB2B1A07550057FD39 /* SwiftUIView.swift in Sources */,
				4582B13D2B175B7700276D8B /* Test.swift in Sources */,
				45011D9A2B0CBD9800BDD5F6 /* Appetizer.swift in Sources */,
				4582B13B2B17431300276D8B /* AppetizerDetailView.swift in Sources */,
				45011D962B0CA47200BDD5F6 /* AccountView.swift in Sources */,
				45011DA02B0CD93300BDD5F6 /* AppetizerViewModel.swift in Sources */,
				4582B12E2B16E1D100276D8B /* Color+Ext.swift in Sources */,
				4582B1302B17309E00276D8B /* RemoteImage.swift in Sources */,
				45011D942B0CA46700BDD5F6 /* OrderView.swift in Sources */,
				45011D882B0B7CC600BDD5F6 /* AppetizerListView.swift in Sources */,
				45011D862B0B7CC600BDD5F6 /* LearningApp.swift in Sources */,
				4582B12C2B16483A00276D8B /* Alert.swift in Sources */,
				4582B1262B16077E00276D8B /* Request.swift in Sources */,
				45011D982B0CA4BD00BDD5F6 /* AppetizerTabView.swift in Sources */,
			);
			runOnlyForDeploymentPostprocessing = 0;
		};
/* End PBXSourcesBuildPhase section */

/* Begin XCBuildConfiguration section */
		45011D8E2B0B7CCA00BDD5F6 /* Debug */ = {
			isa = XCBuildConfiguration;
			buildSettings = {
				ALWAYS_SEARCH_USER_PATHS = NO;
				ASSETCATALOG_COMPILER_GENERATE_SWIFT_ASSET_SYMBOL_EXTENSIONS = YES;
				CLANG_ANALYZER_NONNULL = YES;
				CLANG_ANALYZER_NUMBER_OBJECT_CONVERSION = YES_AGGRESSIVE;
				CLANG_CXX_LANGUAGE_STANDARD = "gnu++20";
				CLANG_ENABLE_MODULES = YES;
				CLANG_ENABLE_OBJC_ARC = YES;
				CLANG_ENABLE_OBJC_WEAK = YES;
				CLANG_WARN_BLOCK_CAPTURE_AUTORELEASING = YES;
				CLANG_WARN_BOOL_CONVERSION = YES;
				CLANG_WARN_COMMA = YES;
				CLANG_WARN_CONSTANT_CONVERSION = YES;
				CLANG_WARN_DEPRECATED_OBJC_IMPLEMENTATIONS = YES;
				CLANG_WARN_DIRECT_OBJC_ISA_USAGE = YES_ERROR;
				CLANG_WARN_DOCUMENTATION_COMMENTS = YES;
				CLANG_WARN_EMPTY_BODY = YES;
				CLANG_WARN_ENUM_CONVERSION = YES;
				CLANG_WARN_INFINITE_RECURSION = YES;
				CLANG_WARN_INT_CONVERSION = YES;
				CLANG_WARN_NON_LITERAL_NULL_CONVERSION = YES;
				CLANG_WARN_OBJC_IMPLICIT_RETAIN_SELF = YES;
				CLANG_WARN_OBJC_LITERAL_CONVERSION = YES;
				CLANG_WARN_OBJC_ROOT_CLASS = YES_ERROR;
				CLANG_WARN_QUOTED_INCLUDE_IN_FRAMEWORK_HEADER = YES;
				CLANG_WARN_RANGE_LOOP_ANALYSIS = YES;
				CLANG_WARN_STRICT_PROTOTYPES = YES;
				CLANG_WARN_SUSPICIOUS_MOVE = YES;
				CLANG_WARN_UNGUARDED_AVAILABILITY = YES_AGGRESSIVE;
				CLANG_WARN_UNREACHABLE_CODE = YES;
				CLANG_WARN__DUPLICATE_METHOD_MATCH = YES;
				COPY_PHASE_STRIP = NO;
				DEBUG_INFORMATION_FORMAT = dwarf;
				ENABLE_STRICT_OBJC_MSGSEND = YES;
				ENABLE_TESTABILITY = YES;
				ENABLE_USER_SCRIPT_SANDBOXING = YES;
				GCC_C_LANGUAGE_STANDARD = gnu17;
				GCC_DYNAMIC_NO_PIC = NO;
				GCC_NO_COMMON_BLOCKS = YES;
				GCC_OPTIMIZATION_LEVEL = 0;
				GCC_PREPROCESSOR_DEFINITIONS = (
					"DEBUG=1",
					"$(inherited)",
				);
				GCC_WARN_64_TO_32_BIT_CONVERSION = YES;
				GCC_WARN_ABOUT_RETURN_TYPE = YES_ERROR;
				GCC_WARN_UNDECLARED_SELECTOR = YES;
				GCC_WARN_UNINITIALIZED_AUTOS = YES_AGGRESSIVE;
				GCC_WARN_UNUSED_FUNCTION = YES;
				GCC_WARN_UNUSED_VARIABLE = YES;
				IPHONEOS_DEPLOYMENT_TARGET = 17.0;
				LOCALIZATION_PREFERS_STRING_CATALOGS = YES;
				MTL_ENABLE_DEBUG_INFO = INCLUDE_SOURCE;
				MTL_FAST_MATH = YES;
				ONLY_ACTIVE_ARCH = YES;
				SDKROOT = iphoneos;
				SWIFT_ACTIVE_COMPILATION_CONDITIONS = "DEBUG $(inherited)";
				SWIFT_OPTIMIZATION_LEVEL = "-Onone";
			};
			name = Debug;
		};
		45011D8F2B0B7CCA00BDD5F6 /* Release */ = {
			isa = XCBuildConfiguration;
			buildSettings = {
				ALWAYS_SEARCH_USER_PATHS = NO;
				ASSETCATALOG_COMPILER_GENERATE_SWIFT_ASSET_SYMBOL_EXTENSIONS = YES;
				CLANG_ANALYZER_NONNULL = YES;
				CLANG_ANALYZER_NUMBER_OBJECT_CONVERSION = YES_AGGRESSIVE;
				CLANG_CXX_LANGUAGE_STANDARD = "gnu++20";
				CLANG_ENABLE_MODULES = YES;
				CLANG_ENABLE_OBJC_ARC = YES;
				CLANG_ENABLE_OBJC_WEAK = YES;
				CLANG_WARN_BLOCK_CAPTURE_AUTORELEASING = YES;
				CLANG_WARN_BOOL_CONVERSION = YES;
				CLANG_WARN_COMMA = YES;
				CLANG_WARN_CONSTANT_CONVERSION = YES;
				CLANG_WARN_DEPRECATED_OBJC_IMPLEMENTATIONS = YES;
				CLANG_WARN_DIRECT_OBJC_ISA_USAGE = YES_ERROR;
				CLANG_WARN_DOCUMENTATION_COMMENTS = YES;
				CLANG_WARN_EMPTY_BODY = YES;
				CLANG_WARN_ENUM_CONVERSION = YES;
				CLANG_WARN_INFINITE_RECURSION = YES;
				CLANG_WARN_INT_CONVERSION = YES;
				CLANG_WARN_NON_LITERAL_NULL_CONVERSION = YES;
				CLANG_WARN_OBJC_IMPLICIT_RETAIN_SELF = YES;
				CLANG_WARN_OBJC_LITERAL_CONVERSION = YES;
				CLANG_WARN_OBJC_ROOT_CLASS = YES_ERROR;
				CLANG_WARN_QUOTED_INCLUDE_IN_FRAMEWORK_HEADER = YES;
				CLANG_WARN_RANGE_LOOP_ANALYSIS = YES;
				CLANG_WARN_STRICT_PROTOTYPES = YES;
				CLANG_WARN_SUSPICIOUS_MOVE = YES;
				CLANG_WARN_UNGUARDED_AVAILABILITY = YES_AGGRESSIVE;
				CLANG_WARN_UNREACHABLE_CODE = YES;
				CLANG_WARN__DUPLICATE_METHOD_MATCH = YES;
				COPY_PHASE_STRIP = NO;
				DEBUG_INFORMATION_FORMAT = "dwarf-with-dsym";
				ENABLE_NS_ASSERTIONS = NO;
				ENABLE_STRICT_OBJC_MSGSEND = YES;
				ENABLE_USER_SCRIPT_SANDBOXING = YES;
				GCC_C_LANGUAGE_STANDARD = gnu17;
				GCC_NO_COMMON_BLOCKS = YES;
				GCC_WARN_64_TO_32_BIT_CONVERSION = YES;
				GCC_WARN_ABOUT_RETURN_TYPE = YES_ERROR;
				GCC_WARN_UNDECLARED_SELECTOR = YES;
				GCC_WARN_UNINITIALIZED_AUTOS = YES_AGGRESSIVE;
				GCC_WARN_UNUSED_FUNCTION = YES;
				GCC_WARN_UNUSED_VARIABLE = YES;
				IPHONEOS_DEPLOYMENT_TARGET = 17.0;
				LOCALIZATION_PREFERS_STRING_CATALOGS = YES;
				MTL_ENABLE_DEBUG_INFO = NO;
				MTL_FAST_MATH = YES;
				SDKROOT = iphoneos;
				SWIFT_COMPILATION_MODE = wholemodule;
				VALIDATE_PRODUCT = YES;
			};
			name = Release;
		};
		45011D912B0B7CCA00BDD5F6 /* Debug */ = {
			isa = XCBuildConfiguration;
			buildSettings = {
				ASSETCATALOG_COMPILER_APPICON_NAME = AppIcon;
				ASSETCATALOG_COMPILER_GLOBAL_ACCENT_COLOR_NAME = AccentColor;
				CODE_SIGN_STYLE = Automatic;
				CURRENT_PROJECT_VERSION = 1;
				DEVELOPMENT_ASSET_PATHS = "\"Learning/Preview Content\"";
				DEVELOPMENT_TEAM = 9K6FF48SQA;
				ENABLE_PREVIEWS = YES;
				GENERATE_INFOPLIST_FILE = YES;
				INFOPLIST_KEY_UIApplicationSceneManifest_Generation = YES;
				INFOPLIST_KEY_UIApplicationSupportsIndirectInputEvents = YES;
				INFOPLIST_KEY_UILaunchScreen_Generation = YES;
				INFOPLIST_KEY_UISupportedInterfaceOrientations_iPad = "UIInterfaceOrientationPortrait UIInterfaceOrientationPortraitUpsideDown UIInterfaceOrientationLandscapeLeft UIInterfaceOrientationLandscapeRight";
				INFOPLIST_KEY_UISupportedInterfaceOrientations_iPhone = "UIInterfaceOrientationPortrait UIInterfaceOrientationLandscapeLeft UIInterfaceOrientationLandscapeRight";
				LD_RUNPATH_SEARCH_PATHS = (
					"$(inherited)",
					"@executable_path/Frameworks",
				);
				MARKETING_VERSION = 1.0;
				PRODUCT_BUNDLE_IDENTIFIER = com.ai.Learning;
				PRODUCT_NAME = "$(TARGET_NAME)";
				SWIFT_EMIT_LOC_STRINGS = YES;
				SWIFT_VERSION = 5.0;
				TARGETED_DEVICE_FAMILY = "1,2";
			};
			name = Debug;
		};
		45011D922B0B7CCA00BDD5F6 /* Release */ = {
			isa = XCBuildConfiguration;
			buildSettings = {
				ASSETCATALOG_COMPILER_APPICON_NAME = AppIcon;
				ASSETCATALOG_COMPILER_GLOBAL_ACCENT_COLOR_NAME = AccentColor;
				CODE_SIGN_STYLE = Automatic;
				CURRENT_PROJECT_VERSION = 1;
				DEVELOPMENT_ASSET_PATHS = "\"Learning/Preview Content\"";
				DEVELOPMENT_TEAM = 9K6FF48SQA;
				ENABLE_PREVIEWS = YES;
				GENERATE_INFOPLIST_FILE = YES;
				INFOPLIST_KEY_UIApplicationSceneManifest_Generation = YES;
				INFOPLIST_KEY_UIApplicationSupportsIndirectInputEvents = YES;
				INFOPLIST_KEY_UILaunchScreen_Generation = YES;
				INFOPLIST_KEY_UISupportedInterfaceOrientations_iPad = "UIInterfaceOrientationPortrait UIInterfaceOrientationPortraitUpsideDown UIInterfaceOrientationLandscapeLeft UIInterfaceOrientationLandscapeRight";
				INFOPLIST_KEY_UISupportedInterfaceOrientations_iPhone = "UIInterfaceOrientationPortrait UIInterfaceOrientationLandscapeLeft UIInterfaceOrientationLandscapeRight";
				LD_RUNPATH_SEARCH_PATHS = (
					"$(inherited)",
					"@executable_path/Frameworks",
				);
				MARKETING_VERSION = 1.0;
				PRODUCT_BUNDLE_IDENTIFIER = com.ai.Learning;
				PRODUCT_NAME = "$(TARGET_NAME)";
				SWIFT_EMIT_LOC_STRINGS = YES;
				SWIFT_VERSION = 5.0;
				TARGETED_DEVICE_FAMILY = "1,2";
			};
			name = Release;
		};
/* End XCBuildConfiguration section */

/* Begin XCConfigurationList section */
		45011D7D2B0B7CC600BDD5F6 /* Build configuration list for PBXProject "Learning" */ = {
			isa = XCConfigurationList;
			buildConfigurations = (
				45011D8E2B0B7CCA00BDD5F6 /* Debug */,
				45011D8F2B0B7CCA00BDD5F6 /* Release */,
			);
			defaultConfigurationIsVisible = 0;
			defaultConfigurationName = Release;
		};
		45011D902B0B7CCA00BDD5F6 /* Build configuration list for PBXNativeTarget "Learning" */ = {
			isa = XCConfigurationList;
			buildConfigurations = (
				45011D912B0B7CCA00BDD5F6 /* Debug */,
				45011D922B0B7CCA00BDD5F6 /* Release */,
			);
			defaultConfigurationIsVisible = 0;
			defaultConfigurationName = Release;
		};
/* End XCConfigurationList section */
	};
	rootObject = 45011D7A2B0B7CC600BDD5F6 /* Project object */;
}
